
Microsoft Visual Studio Solution File, Format Version 12.00
# Visual Studio Version 17
VisualStudioVersion = 17.8.34511.84
MinimumVisualStudioVersion = 10.0.40219.1
Project("{FAE04EC0-301F-11D3-BF4B-00C04F79EFBC}") = "DataSourceDemo", "DataSourceDemo\DataSourceDemo.csproj", "{5FADA06D-A836-4BE5-9311-CB8E1A70212A}"
EndProject
Global
	GlobalSection(SolutionConfigurationPlatforms) = preSolution
		Debug|Any CPU = Debug|Any CPU
		Release|Any CPU = Release|Any CPU
	EndGlobalSection
	GlobalSection(ProjectConfigurationPlatforms) = postSolution
		{5FADA06D-A836-4BE5-9311-CB8E1A70212A}.Debug|Any CPU.ActiveCfg = Debug|Any CPU
		{5FADA06D-A836-4BE5-9311-CB8E1A70212A}.Debug|Any CPU.Build.0 = Debug|Any CPU
		{5FADA06D-A836-4BE5-9311-CB8E1A70212A}.Release|Any CPU.ActiveCfg = Release|Any CPU
		{5FADA06D-A836-4BE5-9311-CB8E1A70212A}.Release|Any CPU.Build.0 = Release|Any CPU
	EndGlobalSection
	GlobalSection(SolutionProperties) = preSolution
		HideSolutionNode = FALSE
	EndGlobalSection
	GlobalSection(ExtensibilityGlobals) = postSolution
		SolutionGuid = {DD929C4B-283E-4FF7-8133-91DC790E57FD}
	EndGlobalSection
EndGlobal
